{
  "nodes": {
    "nixpkgs": {
      "locked": {
        "lastModified": 1726447378,
        "narHash": "sha256-2yV8nmYE1p9lfmLHhOCbYwQC/W8WYfGQABoGzJOb1JQ=",
        "owner": "NixOS",
        "repo": "nixpkgs",
        "rev": "086b448a5d54fd117f4dc2dee55c9f0ff461bdc1",
        "type": "github"
      },
      "original": {
        "owner": "NixOS",
        "ref": "nixos-24.05",
        "repo": "nixpkgs",
        "type": "github"
      }
    },
    "nixpkgs-unstable": {
      "locked": {
        "lastModified": 1726673113,
        "narHash": "sha256-e+mO81D4MANgZdnox7blUQ2skFH0eKkvmcYRqzd1VSc=",
        "owner": "NixOS",
        "repo": "nixpkgs",
        "rev": "7026cdf28c707fe0d2802d093c55d6c13df0d2cd",
        "type": "github"
      },
      "original": {
        "owner": "NixOS",
        "repo": "nixpkgs",
        "type": "github"
      }
    },
    "root": {
      "inputs": {
        "nixpkgs": "nixpkgs",
        "nixpkgs-unstable": "nixpkgs-unstable"
      }
    }
  },
  "root": "root",
  "version": 7
}
